
Microsoft Visual Studio Solution File, Format Version 12.00
# Visual Studio Version 16
VisualStudioVersion = 16.0.32106.194
MinimumVisualStudioVersion = 10.0.40219.1
Project("{FAE04EC0-301F-11D3-BF4B-00C04F79EFBC}") = "eOkulProjesi", "eOkulProjesi\eOkulProjesi.csproj", "{8722733B-F91B-4807-9BA0-34173DD6AAD9}"
EndProject
Global
	GlobalSection(SolutionConfigurationPlatforms) = preSolution
		Debug|Any CPU = Debug|Any CPU
		Release|Any CPU = Release|Any CPU
	EndGlobalSection
	GlobalSection(ProjectConfigurationPlatforms) = postSolution
		{8722733B-F91B-4807-9BA0-34173DD6AAD9}.Debug|Any CPU.ActiveCfg = Debug|Any CPU
		{8722733B-F91B-4807-9BA0-34173DD6AAD9}.Debug|Any CPU.Build.0 = Debug|Any CPU
		{8722733B-F91B-4807-9BA0-34173DD6AAD9}.Release|Any CPU.ActiveCfg = Release|Any CPU
		{8722733B-F91B-4807-9BA0-34173DD6AAD9}.Release|Any CPU.Build.0 = Release|Any CPU
	EndGlobalSection
	GlobalSection(SolutionProperties) = preSolution
		HideSolutionNode = FALSE
	EndGlobalSection
	GlobalSection(ExtensibilityGlobals) = postSolution
		SolutionGuid = {1A8EC425-6C0C-4BB8-AEA8-F405835A1753}
	EndGlobalSection
EndGlobal
